<?xml version="1.0" encoding="UTF-8"?>
<Scheme
   LastUpgradeVersion = "0830"
   version = "1.3">
   <BuildAction
      parallelizeBuildables = "YES"
      buildImplicitDependencies = "YES">
      <BuildActionEntries>
         <BuildActionEntry
            buildForTesting = "YES"
            buildForRunning = "YES"
            buildForProfiling = "YES"
            buildForArchiving = "YES"
            buildForAnalyzing = "YES">
            <BuildableReference
               BuildableIdentifier = "primary"
               BlueprintIdentifier = "719DA1D81F4FC4990023CA4D"
               BuildableName = "&#x4e0a;&#x4f20;&#x5230;Git.app"
               BlueprintName = "&#x4e0a;&#x4f20;&#x5230;Git"
               ReferencedContainer = "container:&#x4e0a;&#x4f20;&#x5230;Git.xcodeproj">
            </BuildableReference>
         </BuildActionEntry>
      </BuildActionEntries>
   </BuildAction>
   <TestAction
      buildConfiguration = "Debug"
      selectedDebuggerIdentifier = "Xcode.DebuggerFoundation.Debugger.LLDB"
      selectedLauncherIdentifier = "Xcode.DebuggerFoundation.Launcher.LLDB"
      shouldUseLaunchSchemeArgsEnv = "YES">
      <Testables>
         <TestableReference
            skipped = "NO">
            <BuildableReference
               BuildableIdentifier = "primary"
               BlueprintIdentifier = "719DA1F11F4FC49A0023CA4D"
               BuildableName = "&#x4e0a;&#x4f20;&#x5230;GitTests.xctest"
               BlueprintName = "&#x4e0a;&#x4f20;&#x5230;GitTests"
               ReferencedContainer = "container:&#x4e0a;&#x4f20;&#x5230;Git.xcodeproj">
            </BuildableReference>
         </TestableReference>
         <TestableReference
            skipped = "NO">
            <BuildableReference
               BuildableIdentifier = "primary"
               BlueprintIdentifier = "719DA1FC1F4FC49A0023CA4D"
               BuildableName = "&#x4e0a;&#x4f20;&#x5230;GitUITests.xctest"
               BlueprintName = "&#x4e0a;&#x4f20;&#x5230;GitUITests"
               ReferencedContainer = "container:&#x4e0a;&#x4f20;&#x5230;Git.xcodeproj">
            </BuildableReference>
         </TestableReference>
      </Testables>
      <MacroExpansion>
         <BuildableReference
            BuildableIdentifier = "primary"
            BlueprintIdentifier = "719DA1D81F4FC4990023CA4D"
            BuildableName = "&#x4e0a;&#x4f20;&#x5230;Git.app"
            BlueprintName = "&#x4e0a;&#x4f20;&#x5230;Git"
            ReferencedContainer = "container:&#x4e0a;&#x4f20;&#x5230;Git.xcodeproj">
         </BuildableReference>
      </MacroExpansion>
      <AdditionalOptions>
      </AdditionalOptions>
   </TestAction>
   <LaunchAction
      buildConfiguration = "Debug"
      selectedDebuggerIdentifier = "Xcode.DebuggerFoundation.Debugger.LLDB"
      selectedLauncherIdentifier = "Xcode.DebuggerFoundation.Launcher.LLDB"
      launchStyle = "0"
      useCustomWorkingDirectory = "NO"
      ignoresPersistentStateOnLaunch = "NO"
      debugDocumentVersioning = "YES"
      debugServiceExtension = "internal"
      allowLocationSimulation = "YES">
      <BuildableProductRunnable
         runnableDebuggingMode = "0">
         <BuildableReference
            BuildableIdentifier = "primary"
            BlueprintIdentifier = "719DA1D81F4FC4990023CA4D"
            BuildableName = "&#x4e0a;&#x4f20;&#x5230;Git.app"
            BlueprintName = "&#x4e0a;&#x4f20;&#x5230;Git"
            ReferencedContainer = "container:&#x4e0a;&#x4f20;&#x5230;Git.xcodeproj">
         </BuildableReference>
      </BuildableProductRunnable>
      <AdditionalOptions>
      </AdditionalOptions>
   </LaunchAction>
   <ProfileAction
      buildConfiguration = "Release"
      shouldUseLaunchSchemeArgsEnv = "YES"
      savedToolIdentifier = ""
      useCustomWorkingDirectory = "NO"
      debugDocumentVersioning = "YES">
      <BuildableProductRunnable
         runnableDebuggingMode = "0">
         <BuildableReference
            BuildableIdentifier = "primary"
            BlueprintIdentifier = "719DA1D81F4FC4990023CA4D"
            BuildableName = "&#x4e0a;&#x4f20;&#x5230;Git.app"
            BlueprintName = "&#x4e0a;&#x4f20;&#x5230;Git"
            ReferencedContainer = "container:&#x4e0a;&#x4f20;&#x5230;Git.xcodeproj">
         </BuildableReference>
      </BuildableProductRunnable>
   </ProfileAction>
   <AnalyzeAction
      buildConfiguration = "Debug">
   </AnalyzeAction>
   <ArchiveAction
      buildConfiguration = "Release"
      revealArchiveInOrganizer = "YES">
   </ArchiveAction>
</Scheme>
